
Microsoft Visual Studio Solution File, Format Version 12.00
# Visual Studio Version 16
VisualStudioVersion = 16.0.31229.387
MinimumVisualStudioVersion = 10.0.40219.1
Project("{2150E333-8FDC-42A3-9474-1A3956D46DE8}") = "1 - Presentation", "1 - Presentation", "{C31323CC-C383-4307-93AC-4FE02B7DB8B3}"
EndProject
Project("{9A19103F-16F7-4668-BE54-9A1E7A4F7556}") = "Api", "Api\Api.csproj", "{B972E221-2DBC-47AD-846C-A15C0558DC9F}"
EndProject
Project("{2150E333-8FDC-42A3-9474-1A3956D46DE8}") = "2 - Domain", "2 - Domain", "{72D49794-7A32-4CB9-B387-6225F4E1E20C}"
EndProject
Project("{2150E333-8FDC-42A3-9474-1A3956D46DE8}") = "3 - Infrastructure", "3 - Infrastructure", "{F5BF2B6F-D026-4585-84A6-EA8DD11D330A}"
EndProject
Project("{9A19103F-16F7-4668-BE54-9A1E7A4F7556}") = "Domain", "Domain\Domain.csproj", "{D49E6F54-65FB-418F-956A-846667E0E90B}"
EndProject
Project("{9A19103F-16F7-4668-BE54-9A1E7A4F7556}") = "Infrastructure.Data.Command", "Infrastructure.Data.Command\Infrastructure.Data.Command.csproj", "{57E820AC-4ABE-4DE6-B660-0244907C875F}"
EndProject
Project("{9A19103F-16F7-4668-BE54-9A1E7A4F7556}") = "Infrastructure.Data.Repository", "Infrastructure.Data.Context\Infrastructure.Data.Repository.csproj", "{1B9523BC-3CF5-40DF-BF73-8589E179C6E3}"
EndProject
Project("{2150E333-8FDC-42A3-9474-1A3956D46DE8}") = "4 - Consumer", "4 - Consumer", "{1E9FC1F7-1724-440F-9E98-4C752E4A630B}"
EndProject
Project("{9A19103F-16F7-4668-BE54-9A1E7A4F7556}") = "Consumer", "Consumer\Consumer.csproj", "{873D932B-CE69-4FA0-987F-74F45D2544B4}"
EndProject
Project("{FAE04EC0-301F-11D3-BF4B-00C04F79EFBC}") = "Infrastructure.Data.Query", "Infrastructure.Data.Query\Infrastructure.Data.Query.csproj", "{EAAF43D9-62A8-426A-AFF0-28726CC7C1BA}"
EndProject
Global
	GlobalSection(SolutionConfigurationPlatforms) = preSolution
		Debug|Any CPU = Debug|Any CPU
		Release|Any CPU = Release|Any CPU
	EndGlobalSection
	GlobalSection(ProjectConfigurationPlatforms) = postSolution
		{B972E221-2DBC-47AD-846C-A15C0558DC9F}.Debug|Any CPU.ActiveCfg = Debug|Any CPU
		{B972E221-2DBC-47AD-846C-A15C0558DC9F}.Debug|Any CPU.Build.0 = Debug|Any CPU
		{B972E221-2DBC-47AD-846C-A15C0558DC9F}.Release|Any CPU.ActiveCfg = Release|Any CPU
		{B972E221-2DBC-47AD-846C-A15C0558DC9F}.Release|Any CPU.Build.0 = Release|Any CPU
		{D49E6F54-65FB-418F-956A-846667E0E90B}.Debug|Any CPU.ActiveCfg = Debug|Any CPU
		{D49E6F54-65FB-418F-956A-846667E0E90B}.Debug|Any CPU.Build.0 = Debug|Any CPU
		{D49E6F54-65FB-418F-956A-846667E0E90B}.Release|Any CPU.ActiveCfg = Release|Any CPU
		{D49E6F54-65FB-418F-956A-846667E0E90B}.Release|Any CPU.Build.0 = Release|Any CPU
		{57E820AC-4ABE-4DE6-B660-0244907C875F}.Debug|Any CPU.ActiveCfg = Debug|Any CPU
		{57E820AC-4ABE-4DE6-B660-0244907C875F}.Debug|Any CPU.Build.0 = Debug|Any CPU
		{57E820AC-4ABE-4DE6-B660-0244907C875F}.Release|Any CPU.ActiveCfg = Release|Any CPU
		{57E820AC-4ABE-4DE6-B660-0244907C875F}.Release|Any CPU.Build.0 = Release|Any CPU
		{1B9523BC-3CF5-40DF-BF73-8589E179C6E3}.Debug|Any CPU.ActiveCfg = Debug|Any CPU
		{1B9523BC-3CF5-40DF-BF73-8589E179C6E3}.Debug|Any CPU.Build.0 = Debug|Any CPU
		{1B9523BC-3CF5-40DF-BF73-8589E179C6E3}.Release|Any CPU.ActiveCfg = Release|Any CPU
		{1B9523BC-3CF5-40DF-BF73-8589E179C6E3}.Release|Any CPU.Build.0 = Release|Any CPU
		{873D932B-CE69-4FA0-987F-74F45D2544B4}.Debug|Any CPU.ActiveCfg = Debug|Any CPU
		{873D932B-CE69-4FA0-987F-74F45D2544B4}.Debug|Any CPU.Build.0 = Debug|Any CPU
		{873D932B-CE69-4FA0-987F-74F45D2544B4}.Release|Any CPU.ActiveCfg = Release|Any CPU
		{873D932B-CE69-4FA0-987F-74F45D2544B4}.Release|Any CPU.Build.0 = Release|Any CPU
		{EAAF43D9-62A8-426A-AFF0-28726CC7C1BA}.Debug|Any CPU.ActiveCfg = Debug|Any CPU
		{EAAF43D9-62A8-426A-AFF0-28726CC7C1BA}.Debug|Any CPU.Build.0 = Debug|Any CPU
		{EAAF43D9-62A8-426A-AFF0-28726CC7C1BA}.Release|Any CPU.ActiveCfg = Release|Any CPU
		{EAAF43D9-62A8-426A-AFF0-28726CC7C1BA}.Release|Any CPU.Build.0 = Release|Any CPU
	EndGlobalSection
	GlobalSection(SolutionProperties) = preSolution
		HideSolutionNode = FALSE
	EndGlobalSection
	GlobalSection(NestedProjects) = preSolution
		{B972E221-2DBC-47AD-846C-A15C0558DC9F} = {C31323CC-C383-4307-93AC-4FE02B7DB8B3}
		{D49E6F54-65FB-418F-956A-846667E0E90B} = {72D49794-7A32-4CB9-B387-6225F4E1E20C}
		{57E820AC-4ABE-4DE6-B660-0244907C875F} = {F5BF2B6F-D026-4585-84A6-EA8DD11D330A}
		{1B9523BC-3CF5-40DF-BF73-8589E179C6E3} = {F5BF2B6F-D026-4585-84A6-EA8DD11D330A}
		{873D932B-CE69-4FA0-987F-74F45D2544B4} = {1E9FC1F7-1724-440F-9E98-4C752E4A630B}
		{EAAF43D9-62A8-426A-AFF0-28726CC7C1BA} = {F5BF2B6F-D026-4585-84A6-EA8DD11D330A}
	EndGlobalSection
	GlobalSection(ExtensibilityGlobals) = postSolution
		SolutionGuid = {07392C8B-B6B3-4070-AC1E-82741D5D4B41}
	EndGlobalSection
EndGlobal
